
Microsoft Visual Studio Solution File, Format Version 12.00
# Visual Studio 15
VisualStudioVersion = 15.0.27130.2027
MinimumVisualStudioVersion = 10.0.40219.1
Project("{FAE04EC0-301F-11D3-BF4B-00C04F79EFBC}") = "ContosoUniversity", "ContosoUniversity\ContosoUniversity.csproj", "{1847EC72-E353-496D-8EDE-F24C21E9FEAE}"
EndProject
Global
	GlobalSection(SolutionConfigurationPlatforms) = preSolution
		Debug|Any CPU = Debug|Any CPU
		Release|Any CPU = Release|Any CPU
	EndGlobalSection
	GlobalSection(ProjectConfigurationPlatforms) = postSolution
		{1847EC72-E353-496D-8EDE-F24C21E9FEAE}.Debug|Any CPU.ActiveCfg = Debug|Any CPU
		{1847EC72-E353-496D-8EDE-F24C21E9FEAE}.Debug|Any CPU.Build.0 = Debug|Any CPU
		{1847EC72-E353-496D-8EDE-F24C21E9FEAE}.Release|Any CPU.ActiveCfg = Release|Any CPU
		{1847EC72-E353-496D-8EDE-F24C21E9FEAE}.Release|Any CPU.Build.0 = Release|Any CPU
	EndGlobalSection
	GlobalSection(SolutionProperties) = preSolution
		HideSolutionNode = FALSE
	EndGlobalSection
	GlobalSection(ExtensibilityGlobals) = postSolution
		SolutionGuid = {E3F2A0DA-81FC-4144-9921-4B2BCD36E808}
	EndGlobalSection
EndGlobal
